
Microsoft Visual Studio Solution File, Format Version 12.00
# Visual Studio 15
VisualStudioVersion = 15.0.26228.9
MinimumVisualStudioVersion = 10.0.40219.1
Project("{FAE04EC0-301F-11D3-BF4B-00C04F79EFBC}") = "DescontoImpostoRenda", "DescontoImpostoRenda\DescontoImpostoRenda.csproj", "{F9B2DF4A-4D22-4E8C-B485-F57343121CAC}"
EndProject
Project("{2150E333-8FDC-42A3-9474-1A3956D46DE8}") = "1 - Presentation", "1 - Presentation", "{BD511A5C-D2BE-45AB-BE6E-8338E8386F31}"
EndProject
Global
	GlobalSection(SolutionConfigurationPlatforms) = preSolution
		Debug|Any CPU = Debug|Any CPU
		Release|Any CPU = Release|Any CPU
	EndGlobalSection
	GlobalSection(ProjectConfigurationPlatforms) = postSolution
		{F9B2DF4A-4D22-4E8C-B485-F57343121CAC}.Debug|Any CPU.ActiveCfg = Debug|Any CPU
		{F9B2DF4A-4D22-4E8C-B485-F57343121CAC}.Debug|Any CPU.Build.0 = Debug|Any CPU
		{F9B2DF4A-4D22-4E8C-B485-F57343121CAC}.Release|Any CPU.ActiveCfg = Release|Any CPU
		{F9B2DF4A-4D22-4E8C-B485-F57343121CAC}.Release|Any CPU.Build.0 = Release|Any CPU
	EndGlobalSection
	GlobalSection(SolutionProperties) = preSolution
		HideSolutionNode = FALSE
	EndGlobalSection
	GlobalSection(NestedProjects) = preSolution
		{F9B2DF4A-4D22-4E8C-B485-F57343121CAC} = {BD511A5C-D2BE-45AB-BE6E-8338E8386F31}
	EndGlobalSection
EndGlobal
